PODS:
  - Down (0.11.0)
  - HMSegmentedControl (1.5.6)
  - JASidePanels (1.3.2)
  - MarkdownView (1.8.3)
  - MBProgressHUD (1.2.0)
  - SDWebImage (5.12.1):
    - SDWebImage/Core (= 5.12.1)
  - SDWebImage/Core (5.12.1)
  - SwiftDate (6.3.1)

DEPENDENCIES:
  - Down
  - HMSegmentedControl
  - JASidePanels
  - MarkdownView
  - MBProgressHUD
  - SDWebImage
  - SwiftDate

SPEC REPOS:
  trunk:
    - Down
    - HMSegmentedControl
    - JASidePanels
    - MarkdownView
    - MBProgressHUD
    - SDWebImage
    - SwiftDate

SPEC CHECKSUMS:
  Down: b6ba1bc985c9d2f4e15e3b293d2207766fa12612
  HMSegmentedControl: 34c1f54d822d8308e7b24f5d901ec674dfa31352
  JASidePanels: c8f5b130e18d51ee3de988d1c1fad2f88e0b0d21
  MarkdownView: 44a260beec01538e6cdbbce9c2f631b1f3634907
  MBProgressHUD: 3ee5efcc380f6a79a7cc9b363dd669c5e1ae7406
  SDWebImage: 4dc3e42d9ec0c1028b960a33ac6b637bb432207b
  SwiftDate: 72d28954e8e1c6c1c0f917ccc8005e4f83c7d4b2

PODFILE CHECKSUM: a8ba646e30f7680854e35675896c9dd1bf82198d

COCOAPODS: 1.10.2
