// !$*UTF8*$!
{
	archiveVersion = 1;
	classes = {
	};
	objectVersion = 55;
	objects = {

/* Begin PBXBuildFile section */
		2C11878627951AE100EE5782 /* VideoInfoCell.swift in Sources */ = {isa = PBXBuildFile; fileRef = 2C11878527951AE100EE5782 /* VideoInfoCell.swift */; };
		2C11878827951EDE00EE5782 /* VideoCommentsCell.swift in Sources */ = {isa = PBXBuildFile; fileRef = 2C11878727951EDE00EE5782 /* VideoCommentsCell.swift */; };
		2C7805EF278F50E0007398BF /* VideosFeedType.swift in Sources */ = {isa = PBXBuildFile; fileRef = 2C7805EE278F50E0007398BF /* VideosFeedType.swift */; };
		2C8E1CBD278F46FB00D08101 /* MySidePanelController.swift in Sources */ = {isa = PBXBuildFile; fileRef = 2C8E1CBC278F46FB00D08101 /* MySidePanelController.swift */; };
		2C8E1CBF278F471400D08101 /* LeftViewController.swift in Sources */ = {isa = PBXBuildFile; fileRef = 2C8E1CBE278F471400D08101 /* LeftViewController.swift */; };
		2CEBDBF9277CD3CB005AA57E /* AppDelegate.swift in Sources */ = {isa = PBXBuildFile; fileRef = 2CEBDBF8277CD3CB005AA57E /* AppDelegate.swift */; };
		2CEBDBFB277CD3CB005AA57E /* SceneDelegate.swift in Sources */ = {isa = PBXBuildFile; fileRef = 2CEBDBFA277CD3CB005AA57E /* SceneDelegate.swift */; };
		2CEBDBFD277CD3CB005AA57E /* VideosViewController.swift in Sources */ = {isa = PBXBuildFile; fileRef = 2CEBDBFC277CD3CB005AA57E /* VideosViewController.swift */; };
		2CEBDC00277CD3CB005AA57E /* Main.storyboard in Resources */ = {isa = PBXBuildFile; fileRef = 2CEBDBFE277CD3CB005AA57E /* Main.storyboard */; };
		2CEBDC02277CD3CE005AA57E /* Assets.xcassets in Resources */ = {isa = PBXBuildFile; fileRef = 2CEBDC01277CD3CE005AA57E /* Assets.xcassets */; };
		2CEBDC05277CD3CE005AA57E /* LaunchScreen.storyboard in Resources */ = {isa = PBXBuildFile; fileRef = 2CEBDC03277CD3CE005AA57E /* LaunchScreen.storyboard */; };
		2CEBDC0E277CD7A8005AA57E /* Server.swift in Sources */ = {isa = PBXBuildFile; fileRef = 2CEBDC0D277CD7A8005AA57E /* Server.swift */; };
		2CEBDC11277CD898005AA57E /* FeedModel.swift in Sources */ = {isa = PBXBuildFile; fileRef = 2CEBDC10277CD898005AA57E /* FeedModel.swift */; };
		2CEBDC15277CDA43005AA57E /* VideosCell.swift in Sources */ = {isa = PBXBuildFile; fileRef = 2CEBDC14277CDA43005AA57E /* VideosCell.swift */; };
		2CEBDC17277CDA77005AA57E /* VideosViewModel.swift in Sources */ = {isa = PBXBuildFile; fileRef = 2CEBDC16277CDA77005AA57E /* VideosViewModel.swift */; };
		2CEBDC1A277CDCFA005AA57E /* AcelaViewController.swift in Sources */ = {isa = PBXBuildFile; fileRef = 2CEBDC19277CDCFA005AA57E /* AcelaViewController.swift */; };
		2CEE9691277DC08E003B05BF /* Server+Feed.swift in Sources */ = {isa = PBXBuildFile; fileRef = 2CEE9690277DC08E003B05BF /* Server+Feed.swift */; };
		2CEE9693277DC099003B05BF /* Server+MoreFeed.swift in Sources */ = {isa = PBXBuildFile; fileRef = 2CEE9692277DC099003B05BF /* Server+MoreFeed.swift */; };
		2CEE9695277DC21B003B05BF /* Server+VideoInfo.swift in Sources */ = {isa = PBXBuildFile; fileRef = 2CEE9694277DC21B003B05BF /* Server+VideoInfo.swift */; };
		2CEE9697277DC29E003B05BF /* VideoInfo.swift in Sources */ = {isa = PBXBuildFile; fileRef = 2CEE9696277DC29E003B05BF /* VideoInfo.swift */; };
		2CEE969A277DCB95003B05BF /* TimeInterval.swift in Sources */ = {isa = PBXBuildFile; fileRef = 2CEE9699277DCB95003B05BF /* TimeInterval.swift */; };
		2CEE969D277DD86C003B05BF /* VideoInfoViewController.swift in Sources */ = {isa = PBXBuildFile; fileRef = 2CEE969C277DD86C003B05BF /* VideoInfoViewController.swift */; };
		2CEE969F277DD88A003B05BF /* VideoInfoViewModel.swift in Sources */ = {isa = PBXBuildFile; fileRef = 2CEE969E277DD88A003B05BF /* VideoInfoViewModel.swift */; };
		2CEE96A1277DDBA4003B05BF /* WebKit.framework in Frameworks */ = {isa = PBXBuildFile; fileRef = 2CEE96A0277DDBA4003B05BF /* WebKit.framework */; };
		2CEE96A4277DE885003B05BF /* UserFeedViewController.swift in Sources */ = {isa = PBXBuildFile; fileRef = 2CEE96A3277DE885003B05BF /* UserFeedViewController.swift */; };
		2CEE96A6277DE8DC003B05BF /* Server+UserFeed.swift in Sources */ = {isa = PBXBuildFile; fileRef = 2CEE96A5277DE8DC003B05BF /* Server+UserFeed.swift */; };
		2CEE96A8277DE979003B05BF /* UserFeedViewModel.swift in Sources */ = {isa = PBXBuildFile; fileRef = 2CEE96A7277DE979003B05BF /* UserFeedViewModel.swift */; };
		2CEF1F40278C2B4C00CE9AAD /* Server+VideoComments.swift in Sources */ = {isa = PBXBuildFile; fileRef = 2CEF1F3F278C2B4C00CE9AAD /* Server+VideoComments.swift */; };
		C294611E74E686D0855A0F85 /* Pods_Acela.framework in Frameworks */ = {isa = PBXBuildFile; fileRef = 5BB599E70CE7289F3D65FBCF /* Pods_Acela.framework */; };
/* End PBXBuildFile section */

/* Begin PBXFileReference section */
		2C11878527951AE100EE5782 /* VideoInfoCell.swift */ = {isa = PBXFileReference; lastKnownFileType = sourcecode.swift; path = VideoInfoCell.swift; sourceTree = "<group>"; };
		2C11878727951EDE00EE5782 /* VideoCommentsCell.swift */ = {isa = PBXFileReference; fileEncoding = 4; lastKnownFileType = sourcecode.swift; path = VideoCommentsCell.swift; sourceTree = "<group>"; };
		2C7805EE278F50E0007398BF /* VideosFeedType.swift */ = {isa = PBXFileReference; lastKnownFileType = sourcecode.swift; path = VideosFeedType.swift; sourceTree = "<group>"; };
		2C8E1CBC278F46FB00D08101 /* MySidePanelController.swift */ = {isa = PBXFileReference; lastKnownFileType = sourcecode.swift; path = MySidePanelController.swift; sourceTree = "<group>"; };
		2C8E1CBE278F471400D08101 /* LeftViewController.swift */ = {isa = PBXFileReference; lastKnownFileType = sourcecode.swift; path = LeftViewController.swift; sourceTree = "<group>"; };
		2CEBDBF5277CD3CB005AA57E /* Acela.app */ = {isa = PBXFileReference; explicitFileType = wrapper.application; includeInIndex = 0; path = Acela.app; sourceTree = BUILT_PRODUCTS_DIR; };
		2CEBDBF8277CD3CB005AA57E /* AppDelegate.swift */ = {isa = PBXFileReference; lastKnownFileType = sourcecode.swift; path = AppDelegate.swift; sourceTree = "<group>"; };
		2CEBDBFA277CD3CB005AA57E /* SceneDelegate.swift */ = {isa = PBXFileReference; lastKnownFileType = sourcecode.swift; path = SceneDelegate.swift; sourceTree = "<group>"; };
		2CEBDBFC277CD3CB005AA57E /* VideosViewController.swift */ = {isa = PBXFileReference; lastKnownFileType = sourcecode.swift; path = VideosViewController.swift; sourceTree = "<group>"; };
		2CEBDBFF277CD3CB005AA57E /* Base */ = {isa = PBXFileReference; lastKnownFileType = file.storyboard; name = Base; path = Base.lproj/Main.storyboard; sourceTree = "<group>"; };
		2CEBDC01277CD3CE005AA57E /* Assets.xcassets */ = {isa = PBXFileReference; lastKnownFileType = folder.assetcatalog; path = Assets.xcassets; sourceTree = "<group>"; };
		2CEBDC04277CD3CE005AA57E /* Base */ = {isa = PBXFileReference; lastKnownFileType = file.storyboard; name = Base; path = Base.lproj/LaunchScreen.storyboard; sourceTree = "<group>"; };
		2CEBDC06277CD3CE005AA57E /* Info.plist */ = {isa = PBXFileReference; lastKnownFileType = text.plist.xml; path = Info.plist; sourceTree = "<group>"; };
		2CEBDC0D277CD7A8005AA57E /* Server.swift */ = {isa = PBXFileReference; lastKnownFileType = sourcecode.swift; path = Server.swift; sourceTree = "<group>"; };
		2CEBDC10277CD898005AA57E /* FeedModel.swift */ = {isa = PBXFileReference; lastKnownFileType = sourcecode.swift; path = FeedModel.swift; sourceTree = "<group>"; };
		2CEBDC14277CDA43005AA57E /* VideosCell.swift */ = {isa = PBXFileReference; lastKnownFileType = sourcecode.swift; path = VideosCell.swift; sourceTree = "<group>"; };
		2CEBDC16277CDA77005AA57E /* VideosViewModel.swift */ = {isa = PBXFileReference; lastKnownFileType = sourcecode.swift; path = VideosViewModel.swift; sourceTree = "<group>"; };
		2CEBDC19277CDCFA005AA57E /* AcelaViewController.swift */ = {isa = PBXFileReference; lastKnownFileType = sourcecode.swift; path = AcelaViewController.swift; sourceTree = "<group>"; };
		2CEE9690277DC08E003B05BF /* Server+Feed.swift */ = {isa = PBXFileReference; lastKnownFileType = sourcecode.swift; path = "Server+Feed.swift"; sourceTree = "<group>"; };
		2CEE9692277DC099003B05BF /* Server+MoreFeed.swift */ = {isa = PBXFileReference; lastKnownFileType = sourcecode.swift; path = "Server+MoreFeed.swift"; sourceTree = "<group>"; };
		2CEE9694277DC21B003B05BF /* Server+VideoInfo.swift */ = {isa = PBXFileReference; lastKnownFileType = sourcecode.swift; path = "Server+VideoInfo.swift"; sourceTree = "<group>"; };
		2CEE9696277DC29E003B05BF /* VideoInfo.swift */ = {isa = PBXFileReference; lastKnownFileType = sourcecode.swift; path = VideoInfo.swift; sourceTree = "<group>"; };
		2CEE9699277DCB95003B05BF /* TimeInterval.swift */ = {isa = PBXFileReference; lastKnownFileType = sourcecode.swift; path = TimeInterval.swift; sourceTree = "<group>"; };
		2CEE969C277DD86C003B05BF /* VideoInfoViewController.swift */ = {isa = PBXFileReference; lastKnownFileType = sourcecode.swift; path = VideoInfoViewController.swift; sourceTree = "<group>"; };
		2CEE969E277DD88A003B05BF /* VideoInfoViewModel.swift */ = {isa = PBXFileReference; lastKnownFileType = sourcecode.swift; path = VideoInfoViewModel.swift; sourceTree = "<group>"; };
		2CEE96A0277DDBA4003B05BF /* WebKit.framework */ = {isa = PBXFileReference; lastKnownFileType = wrapper.framework; name = WebKit.framework; path = System/Library/Frameworks/WebKit.framework; sourceTree = SDKROOT; };
		2CEE96A3277DE885003B05BF /* UserFeedViewController.swift */ = {isa = PBXFileReference; lastKnownFileType = sourcecode.swift; path = UserFeedViewController.swift; sourceTree = "<group>"; };
		2CEE96A5277DE8DC003B05BF /* Server+UserFeed.swift */ = {isa = PBXFileReference; lastKnownFileType = sourcecode.swift; path = "Server+UserFeed.swift"; sourceTree = "<group>"; };
		2CEE96A7277DE979003B05BF /* UserFeedViewModel.swift */ = {isa = PBXFileReference; lastKnownFileType = sourcecode.swift; path = UserFeedViewModel.swift; sourceTree = "<group>"; };
		2CEF1F3F278C2B4C00CE9AAD /* Server+VideoComments.swift */ = {isa = PBXFileReference; lastKnownFileType = sourcecode.swift; path = "Server+VideoComments.swift"; sourceTree = "<group>"; };
		5BB599E70CE7289F3D65FBCF /* Pods_Acela.framework */ = {isa = PBXFileReference; explicitFileType = wrapper.framework; includeInIndex = 0; path = Pods_Acela.framework; sourceTree = BUILT_PRODUCTS_DIR; };
		D350635360DA8A1A37A790AC /* Pods-Acela.debug.xcconfig */ = {isa = PBXFileReference; includeInIndex = 1; lastKnownFileType = text.xcconfig; name = "Pods-Acela.debug.xcconfig"; path = "Target Support Files/Pods-Acela/Pods-Acela.debug.xcconfig"; sourceTree = "<group>"; };
		F46A2218648F48A2C5A20867 /* Pods-Acela.release.xcconfig */ = {isa = PBXFileReference; includeInIndex = 1; lastKnownFileType = text.xcconfig; name = "Pods-Acela.release.xcconfig"; path = "Target Support Files/Pods-Acela/Pods-Acela.release.xcconfig"; sourceTree = "<group>"; };
/* End PBXFileReference section */

/* Begin PBXFrameworksBuildPhase section */
		2CEBDBF2277CD3CB005AA57E /* Frameworks */ = {
			isa = PBXFrameworksBuildPhase;
			buildActionMask = 2147483647;
			files = (
				2CEE96A1277DDBA4003B05BF /* WebKit.framework in Frameworks */,
				C294611E74E686D0855A0F85 /* Pods_Acela.framework in Frameworks */,
			);
			runOnlyForDeploymentPostprocessing = 0;
		};
/* End PBXFrameworksBuildPhase section */

/* Begin PBXGroup section */
		2C8E1CBB278F46D900D08101 /* 00 SidePanel */ = {
			isa = PBXGroup;
			children = (
				2C8E1CBC278F46FB00D08101 /* MySidePanelController.swift */,
				2C8E1CBE278F471400D08101 /* LeftViewController.swift */,
			);
			path = "00 SidePanel";
			sourceTree = "<group>";
		};
		2CEBDBEC277CD3CB005AA57E = {
			isa = PBXGroup;
			children = (
				2CEBDBF7277CD3CB005AA57E /* Acela */,
				2CEBDBF6277CD3CB005AA57E /* Products */,
				65B34217F6AC9F4AF4F379E7 /* Pods */,
				70630CF676F2C9523DC0DF27 /* Frameworks */,
			);
			sourceTree = "<group>";
		};
		2CEBDBF6277CD3CB005AA57E /* Products */ = {
			isa = PBXGroup;
			children = (
				2CEBDBF5277CD3CB005AA57E /* Acela.app */,
			);
			name = Products;
			sourceTree = "<group>";
		};
		2CEBDBF7277CD3CB005AA57E /* Acela */ = {
			isa = PBXGroup;
			children = (
				2CEBDC12277CDA10005AA57E /* Views */,
				2CEBDC0C277CD79F005AA57E /* Utils */,
				2CEBDBF8277CD3CB005AA57E /* AppDelegate.swift */,
				2CEBDBFA277CD3CB005AA57E /* SceneDelegate.swift */,
				2CEBDBFE277CD3CB005AA57E /* Main.storyboard */,
				2CEBDC01277CD3CE005AA57E /* Assets.xcassets */,
				2CEBDC03277CD3CE005AA57E /* LaunchScreen.storyboard */,
				2CEBDC06277CD3CE005AA57E /* Info.plist */,
			);
			path = Acela;
			sourceTree = "<group>";
		};
		2CEBDC0C277CD79F005AA57E /* Utils */ = {
			isa = PBXGroup;
			children = (
				2CEE9698277DCB86003B05BF /* Extension */,
				2CEE968F277DC07E003B05BF /* Server */,
				2CEBDC18277CDCEC005AA57E /* UI */,
				2CEBDC0F277CD88C005AA57E /* Models */,
			);
			path = Utils;
			sourceTree = "<group>";
		};
		2CEBDC0F277CD88C005AA57E /* Models */ = {
			isa = PBXGroup;
			children = (
				2CEBDC10277CD898005AA57E /* FeedModel.swift */,
				2CEE9696277DC29E003B05BF /* VideoInfo.swift */,
			);
			path = Models;
			sourceTree = "<group>";
		};
		2CEBDC12277CDA10005AA57E /* Views */ = {
			isa = PBXGroup;
			children = (
				2C8E1CBB278F46D900D08101 /* 00 SidePanel */,
				2CEE96A2277DE86A003B05BF /* 03 UserFeed */,
				2CEE969B277DD85C003B05BF /* 02 VideoInfo */,
				2CEBDC13277CDA1A005AA57E /* 01 Feed */,
			);
			path = Views;
			sourceTree = "<group>";
		};
		2CEBDC13277CDA1A005AA57E /* 01 Feed */ = {
			isa = PBXGroup;
			children = (
				2CEBDBFC277CD3CB005AA57E /* VideosViewController.swift */,
				2CEBDC16277CDA77005AA57E /* VideosViewModel.swift */,
				2CEBDC14277CDA43005AA57E /* VideosCell.swift */,
			);
			path = "01 Feed";
			sourceTree = "<group>";
		};
		2CEBDC18277CDCEC005AA57E /* UI */ = {
			isa = PBXGroup;
			children = (
				2CEBDC19277CDCFA005AA57E /* AcelaViewController.swift */,
			);
			path = UI;
			sourceTree = "<group>";
		};
		2CEE968F277DC07E003B05BF /* Server */ = {
			isa = PBXGroup;
			children = (
				2CEBDC0D277CD7A8005AA57E /* Server.swift */,
				2CEE9690277DC08E003B05BF /* Server+Feed.swift */,
				2CEE9692277DC099003B05BF /* Server+MoreFeed.swift */,
				2CEE9694277DC21B003B05BF /* Server+VideoInfo.swift */,
				2CEE96A5277DE8DC003B05BF /* Server+UserFeed.swift */,
				2CEF1F3F278C2B4C00CE9AAD /* Server+VideoComments.swift */,
				2C7805EE278F50E0007398BF /* VideosFeedType.swift */,
			);
			path = Server;
			sourceTree = "<group>";
		};
		2CEE9698277DCB86003B05BF /* Extension */ = {
			isa = PBXGroup;
			children = (
				2CEE9699277DCB95003B05BF /* TimeInterval.swift */,
			);
			path = Extension;
			sourceTree = "<group>";
		};
		2CEE969B277DD85C003B05BF /* 02 VideoInfo */ = {
			isa = PBXGroup;
			children = (
				2CEE969C277DD86C003B05BF /* VideoInfoViewController.swift */,
				2CEE969E277DD88A003B05BF /* VideoInfoViewModel.swift */,
				2C11878527951AE100EE5782 /* VideoInfoCell.swift */,
				2C11878727951EDE00EE5782 /* VideoCommentsCell.swift */,
			);
			path = "02 VideoInfo";
			sourceTree = "<group>";
		};
		2CEE96A2277DE86A003B05BF /* 03 UserFeed */ = {
			isa = PBXGroup;
			children = (
				2CEE96A3277DE885003B05BF /* UserFeedViewController.swift */,
				2CEE96A7277DE979003B05BF /* UserFeedViewModel.swift */,
			);
			path = "03 UserFeed";
			sourceTree = "<group>";
		};
		65B34217F6AC9F4AF4F379E7 /* Pods */ = {
			isa = PBXGroup;
			children = (
				D350635360DA8A1A37A790AC /* Pods-Acela.debug.xcconfig */,
				F46A2218648F48A2C5A20867 /* Pods-Acela.release.xcconfig */,
			);
			path = Pods;
			sourceTree = "<group>";
		};
		70630CF676F2C9523DC0DF27 /* Frameworks */ = {
			isa = PBXGroup;
			children = (
				2CEE96A0277DDBA4003B05BF /* WebKit.framework */,
				5BB599E70CE7289F3D65FBCF /* Pods_Acela.framework */,
			);
			name = Frameworks;
			sourceTree = "<group>";
		};
/* End PBXGroup section */

/* Begin PBXNativeTarget section */
		2CEBDBF4277CD3CB005AA57E /* Acela */ = {
			isa = PBXNativeTarget;
			buildConfigurationList = 2CEBDC09277CD3CE005AA57E /* Build configuration list for PBXNativeTarget "Acela" */;
			buildPhases = (
				5575B60867DBDA74A7DADF71 /* [CP] Check Pods Manifest.lock */,
				2CEBDBF1277CD3CB005AA57E /* Sources */,
				2CEBDBF2277CD3CB005AA57E /* Frameworks */,
				2CEBDBF3277CD3CB005AA57E /* Resources */,
				D8623CA534657AA32A7F41F5 /* [CP] Embed Pods Frameworks */,
			);
			buildRules = (
			);
			dependencies = (
			);
			name = Acela;
			productName = Acela;
			productReference = 2CEBDBF5277CD3CB005AA57E /* Acela.app */;
			productType = "com.apple.product-type.application";
		};
/* End PBXNativeTarget section */

/* Begin PBXProject section */
		2CEBDBED277CD3CB005AA57E /* Project object */ = {
			isa = PBXProject;
			attributes = {
				BuildIndependentTargetsInParallel = 1;
				LastSwiftUpdateCheck = 1320;
				LastUpgradeCheck = 1320;
				TargetAttributes = {
					2CEBDBF4277CD3CB005AA57E = {
						CreatedOnToolsVersion = 13.2.1;
					};
				};
			};
			buildConfigurationList = 2CEBDBF0277CD3CB005AA57E /* Build configuration list for PBXProject "Acela" */;
			compatibilityVersion = "Xcode 13.0";
			developmentRegion = en;
			hasScannedForEncodings = 0;
			knownRegions = (
				en,
				Base,
			);
			mainGroup = 2CEBDBEC277CD3CB005AA57E;
			productRefGroup = 2CEBDBF6277CD3CB005AA57E /* Products */;
			projectDirPath = "";
			projectRoot = "";
			targets = (
				2CEBDBF4277CD3CB005AA57E /* Acela */,
			);
		};
/* End PBXProject section */

/* Begin PBXResourcesBuildPhase section */
		2CEBDBF3277CD3CB005AA57E /* Resources */ = {
			isa = PBXResourcesBuildPhase;
			buildActionMask = 2147483647;
			files = (
				2CEBDC05277CD3CE005AA57E /* LaunchScreen.storyboard in Resources */,
				2CEBDC02277CD3CE005AA57E /* Assets.xcassets in Resources */,
				2CEBDC00277CD3CB005AA57E /* Main.storyboard in Resources */,
			);
			runOnlyForDeploymentPostprocessing = 0;
		};
/* End PBXResourcesBuildPhase section */

/* Begin PBXShellScriptBuildPhase section */
		5575B60867DBDA74A7DADF71 /* [CP] Check Pods Manifest.lock */ = {
			isa = PBXShellScriptBuildPhase;
			buildActionMask = 2147483647;
			files = (
			);
			inputFileListPaths = (
			);
			inputPaths = (
				"${PODS_PODFILE_DIR_PATH}/Podfile.lock",
				"${PODS_ROOT}/Manifest.lock",
			);
			name = "[CP] Check Pods Manifest.lock";
			outputFileListPaths = (
			);
			outputPaths = (
				"$(DERIVED_FILE_DIR)/Pods-Acela-checkManifestLockResult.txt",
			);
			runOnlyForDeploymentPostprocessing = 0;
			shellPath = /bin/sh;
			shellScript = "diff \"${PODS_PODFILE_DIR_PATH}/Podfile.lock\" \"${PODS_ROOT}/Manifest.lock\" > /dev/null\nif [ $? != 0 ] ; then\n    # print error to STDERR\n    echo \"error: The sandbox is not in sync with the Podfile.lock. Run 'pod install' or update your CocoaPods installation.\" >&2\n    exit 1\nfi\n# This output is used by Xcode 'outputs' to avoid re-running this script phase.\necho \"SUCCESS\" > \"${SCRIPT_OUTPUT_FILE_0}\"\n";
			showEnvVarsInLog = 0;
		};
		D8623CA534657AA32A7F41F5 /* [CP] Embed Pods Frameworks */ = {
			isa = PBXShellScriptBuildPhase;
			buildActionMask = 2147483647;
			files = (
			);
			inputFileListPaths = (
				"${PODS_ROOT}/Target Support Files/Pods-Acela/Pods-Acela-frameworks-${CONFIGURATION}-input-files.xcfilelist",
			);
			name = "[CP] Embed Pods Frameworks";
			outputFileListPaths = (
				"${PODS_ROOT}/Target Support Files/Pods-Acela/Pods-Acela-frameworks-${CONFIGURATION}-output-files.xcfilelist",
			);
			runOnlyForDeploymentPostprocessing = 0;
			shellPath = /bin/sh;
			shellScript = "\"${PODS_ROOT}/Target Support Files/Pods-Acela/Pods-Acela-frameworks.sh\"\n";
			showEnvVarsInLog = 0;
		};
/* End PBXShellScriptBuildPhase section */

/* Begin PBXSourcesBuildPhase section */
		2CEBDBF1277CD3CB005AA57E /* Sources */ = {
			isa = PBXSourcesBuildPhase;
			buildActionMask = 2147483647;
			files = (
				2CEE9691277DC08E003B05BF /* Server+Feed.swift in Sources */,
				2CEE9693277DC099003B05BF /* Server+MoreFeed.swift in Sources */,
				2CEBDBFD277CD3CB005AA57E /* VideosViewController.swift in Sources */,
				2CEBDC1A277CDCFA005AA57E /* AcelaViewController.swift in Sources */,
				2CEF1F40278C2B4C00CE9AAD /* Server+VideoComments.swift in Sources */,
				2C7805EF278F50E0007398BF /* VideosFeedType.swift in Sources */,
				2CEBDBF9277CD3CB005AA57E /* AppDelegate.swift in Sources */,
				2CEE9695277DC21B003B05BF /* Server+VideoInfo.swift in Sources */,
				2CEBDC11277CD898005AA57E /* FeedModel.swift in Sources */,
				2CEBDC0E277CD7A8005AA57E /* Server.swift in Sources */,
				2CEE969A277DCB95003B05BF /* TimeInterval.swift in Sources */,
				2CEE96A4277DE885003B05BF /* UserFeedViewController.swift in Sources */,
				2C8E1CBD278F46FB00D08101 /* MySidePanelController.swift in Sources */,
				2C11878827951EDE00EE5782 /* VideoCommentsCell.swift in Sources */,
				2CEBDBFB277CD3CB005AA57E /* SceneDelegate.swift in Sources */,
				2CEE9697277DC29E003B05BF /* VideoInfo.swift in Sources */,
				2C11878627951AE100EE5782 /* VideoInfoCell.swift in Sources */,
				2CEBDC17277CDA77005AA57E /* VideosViewModel.swift in Sources */,
				2CEE96A6277DE8DC003B05BF /* Server+UserFeed.swift in Sources */,
				2CEE969D277DD86C003B05BF /* VideoInfoViewController.swift in Sources */,
				2CEE96A8277DE979003B05BF /* UserFeedViewModel.swift in Sources */,
				2CEBDC15277CDA43005AA57E /* VideosCell.swift in Sources */,
				2C8E1CBF278F471400D08101 /* LeftViewController.swift in Sources */,
				2CEE969F277DD88A003B05BF /* VideoInfoViewModel.swift in Sources */,
			);
			runOnlyForDeploymentPostprocessing = 0;
		};
/* End PBXSourcesBuildPhase section */

/* Begin PBXVariantGroup section */
		2CEBDBFE277CD3CB005AA57E /* Main.storyboard */ = {
			isa = PBXVariantGroup;
			children = (
				2CEBDBFF277CD3CB005AA57E /* Base */,
			);
			name = Main.storyboard;
			sourceTree = "<group>";
		};
		2CEBDC03277CD3CE005AA57E /* LaunchScreen.storyboard */ = {
			isa = PBXVariantGroup;
			children = (
				2CEBDC04277CD3CE005AA57E /* Base */,
			);
			name = LaunchScreen.storyboard;
			sourceTree = "<group>";
		};
/* End PBXVariantGroup section */

/* Begin XCBuildConfiguration section */
		2CEBDC07277CD3CE005AA57E /* Debug */ = {
			isa = XCBuildConfiguration;
			buildSettings = {
				ALWAYS_SEARCH_USER_PATHS = NO;
				CLANG_ANALYZER_NONNULL = YES;
				CLANG_ANALYZER_NUMBER_OBJECT_CONVERSION = YES_AGGRESSIVE;
				CLANG_CXX_LANGUAGE_STANDARD = "gnu++17";
				CLANG_CXX_LIBRARY = "libc++";
				CLANG_ENABLE_MODULES = YES;
				CLANG_ENABLE_OBJC_ARC = YES;
				CLANG_ENABLE_OBJC_WEAK = YES;
				CLANG_WARN_BLOCK_CAPTURE_AUTORELEASING = YES;
				CLANG_WARN_BOOL_CONVERSION = YES;
				CLANG_WARN_COMMA = YES;
				CLANG_WARN_CONSTANT_CONVERSION = YES;
				CLANG_WARN_DEPRECATED_OBJC_IMPLEMENTATIONS = YES;
				CLANG_WARN_DIRECT_OBJC_ISA_USAGE = YES_ERROR;
				CLANG_WARN_DOCUMENTATION_COMMENTS = YES;
				CLANG_WARN_EMPTY_BODY = YES;
				CLANG_WARN_ENUM_CONVERSION = YES;
				CLANG_WARN_INFINITE_RECURSION = YES;
				CLANG_WARN_INT_CONVERSION = YES;
				CLANG_WARN_NON_LITERAL_NULL_CONVERSION = YES;
				CLANG_WARN_OBJC_IMPLICIT_RETAIN_SELF = YES;
				CLANG_WARN_OBJC_LITERAL_CONVERSION = YES;
				CLANG_WARN_OBJC_ROOT_CLASS = YES_ERROR;
				CLANG_WARN_QUOTED_INCLUDE_IN_FRAMEWORK_HEADER = YES;
				CLANG_WARN_RANGE_LOOP_ANALYSIS = YES;
				CLANG_WARN_STRICT_PROTOTYPES = YES;
				CLANG_WARN_SUSPICIOUS_MOVE = YES;
				CLANG_WARN_UNGUARDED_AVAILABILITY = YES_AGGRESSIVE;
				CLANG_WARN_UNREACHABLE_CODE = YES;
				CLANG_WARN__DUPLICATE_METHOD_MATCH = YES;
				COPY_PHASE_STRIP = NO;
				DEBUG_INFORMATION_FORMAT = dwarf;
				ENABLE_STRICT_OBJC_MSGSEND = YES;
				ENABLE_TESTABILITY = YES;
				GCC_C_LANGUAGE_STANDARD = gnu11;
				GCC_DYNAMIC_NO_PIC = NO;
				GCC_NO_COMMON_BLOCKS = YES;
				GCC_OPTIMIZATION_LEVEL = 0;
				GCC_PREPROCESSOR_DEFINITIONS = (
					"DEBUG=1",
					"$(inherited)",
				);
				GCC_WARN_64_TO_32_BIT_CONVERSION = YES;
				GCC_WARN_ABOUT_RETURN_TYPE = YES_ERROR;
				GCC_WARN_UNDECLARED_SELECTOR = YES;
				GCC_WARN_UNINITIALIZED_AUTOS = YES_AGGRESSIVE;
				GCC_WARN_UNUSED_FUNCTION = YES;
				GCC_WARN_UNUSED_VARIABLE = YES;
				IPHONEOS_DEPLOYMENT_TARGET = 15.2;
				MTL_ENABLE_DEBUG_INFO = INCLUDE_SOURCE;
				MTL_FAST_MATH = YES;
				ONLY_ACTIVE_ARCH = YES;
				SDKROOT = iphoneos;
				SWIFT_ACTIVE_COMPILATION_CONDITIONS = DEBUG;
				SWIFT_OPTIMIZATION_LEVEL = "-Onone";
				SWIFT_VERSION = 5.0;
			};
			name = Debug;
		};
		2CEBDC08277CD3CE005AA57E /* Release */ = {
			isa = XCBuildConfiguration;
			buildSettings = {
				ALWAYS_SEARCH_USER_PATHS = NO;
				CLANG_ANALYZER_NONNULL = YES;
				CLANG_ANALYZER_NUMBER_OBJECT_CONVERSION = YES_AGGRESSIVE;
				CLANG_CXX_LANGUAGE_STANDARD = "gnu++17";
				CLANG_CXX_LIBRARY = "libc++";
				CLANG_ENABLE_MODULES = YES;
				CLANG_ENABLE_OBJC_ARC = YES;
				CLANG_ENABLE_OBJC_WEAK = YES;
				CLANG_WARN_BLOCK_CAPTURE_AUTORELEASING = YES;
				CLANG_WARN_BOOL_CONVERSION = YES;
				CLANG_WARN_COMMA = YES;
				CLANG_WARN_CONSTANT_CONVERSION = YES;
				CLANG_WARN_DEPRECATED_OBJC_IMPLEMENTATIONS = YES;
				CLANG_WARN_DIRECT_OBJC_ISA_USAGE = YES_ERROR;
				CLANG_WARN_DOCUMENTATION_COMMENTS = YES;
				CLANG_WARN_EMPTY_BODY = YES;
				CLANG_WARN_ENUM_CONVERSION = YES;
				CLANG_WARN_INFINITE_RECURSION = YES;
				CLANG_WARN_INT_CONVERSION = YES;
				CLANG_WARN_NON_LITERAL_NULL_CONVERSION = YES;
				CLANG_WARN_OBJC_IMPLICIT_RETAIN_SELF = YES;
				CLANG_WARN_OBJC_LITERAL_CONVERSION = YES;
				CLANG_WARN_OBJC_ROOT_CLASS = YES_ERROR;
				CLANG_WARN_QUOTED_INCLUDE_IN_FRAMEWORK_HEADER = YES;
				CLANG_WARN_RANGE_LOOP_ANALYSIS = YES;
				CLANG_WARN_STRICT_PROTOTYPES = YES;
				CLANG_WARN_SUSPICIOUS_MOVE = YES;
				CLANG_WARN_UNGUARDED_AVAILABILITY = YES_AGGRESSIVE;
				CLANG_WARN_UNREACHABLE_CODE = YES;
				CLANG_WARN__DUPLICATE_METHOD_MATCH = YES;
				COPY_PHASE_STRIP = NO;
				DEBUG_INFORMATION_FORMAT = "dwarf-with-dsym";
				ENABLE_NS_ASSERTIONS = NO;
				ENABLE_STRICT_OBJC_MSGSEND = YES;
				GCC_C_LANGUAGE_STANDARD = gnu11;
				GCC_NO_COMMON_BLOCKS = YES;
				GCC_WARN_64_TO_32_BIT_CONVERSION = YES;
				GCC_WARN_ABOUT_RETURN_TYPE = YES_ERROR;
				GCC_WARN_UNDECLARED_SELECTOR = YES;
				GCC_WARN_UNINITIALIZED_AUTOS = YES_AGGRESSIVE;
				GCC_WARN_UNUSED_FUNCTION = YES;
				GCC_WARN_UNUSED_VARIABLE = YES;
				IPHONEOS_DEPLOYMENT_TARGET = 15.2;
				MTL_ENABLE_DEBUG_INFO = NO;
				MTL_FAST_MATH = YES;
				SDKROOT = iphoneos;
				SWIFT_COMPILATION_MODE = wholemodule;
				SWIFT_OPTIMIZATION_LEVEL = "-O";
				SWIFT_VERSION = 5.0;
				VALIDATE_PRODUCT = YES;
			};
			name = Release;
		};
		2CEBDC0A277CD3CE005AA57E /* Debug */ = {
			isa = XCBuildConfiguration;
			baseConfigurationReference = D350635360DA8A1A37A790AC /* Pods-Acela.debug.xcconfig */;
			buildSettings = {
				ASSETCATALOG_COMPILER_APPICON_NAME = AppIcon;
				ASSETCATALOG_COMPILER_GLOBAL_ACCENT_COLOR_NAME = AccentColor;
				CODE_SIGN_IDENTITY = "Apple Development";
				CODE_SIGN_STYLE = Automatic;
				CURRENT_PROJECT_VERSION = 1;
				DEVELOPMENT_TEAM = 58LRY57FMK;
				GENERATE_INFOPLIST_FILE = YES;
				INFOPLIST_FILE = Acela/Info.plist;
				INFOPLIST_KEY_UIApplicationSupportsIndirectInputEvents = YES;
				INFOPLIST_KEY_UILaunchStoryboardName = LaunchScreen;
				INFOPLIST_KEY_UIMainStoryboardFile = Main;
				INFOPLIST_KEY_UISupportedInterfaceOrientations_iPad = "UIInterfaceOrientationPortrait UIInterfaceOrientationPortraitUpsideDown UIInterfaceOrientationLandscapeLeft UIInterfaceOrientationLandscapeRight";
				INFOPLIST_KEY_UISupportedInterfaceOrientations_iPhone = "UIInterfaceOrientationPortrait UIInterfaceOrientationLandscapeLeft UIInterfaceOrientationLandscapeRight";
				IPHONEOS_DEPLOYMENT_TARGET = 13.0;
				LD_RUNPATH_SEARCH_PATHS = (
					"$(inherited)",
					"@executable_path/Frameworks",
				);
				MARKETING_VERSION = 1.0;
				PRODUCT_BUNDLE_IDENTIFIER = com.3speak.Acela;
				PRODUCT_NAME = "$(TARGET_NAME)";
				PROVISIONING_PROFILE_SPECIFIER = "";
				SWIFT_EMIT_LOC_STRINGS = YES;
				SWIFT_VERSION = 5.0;
				TARGETED_DEVICE_FAMILY = "1,2";
			};
			name = Debug;
		};
		2CEBDC0B277CD3CE005AA57E /* Release */ = {
			isa = XCBuildConfiguration;
			baseConfigurationReference = F46A2218648F48A2C5A20867 /* Pods-Acela.release.xcconfig */;
			buildSettings = {
				ASSETCATALOG_COMPILER_APPICON_NAME = AppIcon;
				ASSETCATALOG_COMPILER_GLOBAL_ACCENT_COLOR_NAME = AccentColor;
				CODE_SIGN_IDENTITY = "Apple Development";
				CODE_SIGN_STYLE = Automatic;
				CURRENT_PROJECT_VERSION = 1;
				DEVELOPMENT_TEAM = 58LRY57FMK;
				GENERATE_INFOPLIST_FILE = YES;
				INFOPLIST_FILE = Acela/Info.plist;
				INFOPLIST_KEY_UIApplicationSupportsIndirectInputEvents = YES;
				INFOPLIST_KEY_UILaunchStoryboardName = LaunchScreen;
				INFOPLIST_KEY_UIMainStoryboardFile = Main;
				INFOPLIST_KEY_UISupportedInterfaceOrientations_iPad = "UIInterfaceOrientationPortrait UIInterfaceOrientationPortraitUpsideDown UIInterfaceOrientationLandscapeLeft UIInterfaceOrientationLandscapeRight";
				INFOPLIST_KEY_UISupportedInterfaceOrientations_iPhone = "UIInterfaceOrientationPortrait UIInterfaceOrientationLandscapeLeft UIInterfaceOrientationLandscapeRight";
				IPHONEOS_DEPLOYMENT_TARGET = 13.0;
				LD_RUNPATH_SEARCH_PATHS = (
					"$(inherited)",
					"@executable_path/Frameworks",
				);
				MARKETING_VERSION = 1.0;
				PRODUCT_BUNDLE_IDENTIFIER = com.3speak.Acela;
				PRODUCT_NAME = "$(TARGET_NAME)";
				PROVISIONING_PROFILE_SPECIFIER = "";
				SWIFT_EMIT_LOC_STRINGS = YES;
				SWIFT_VERSION = 5.0;
				TARGETED_DEVICE_FAMILY = "1,2";
			};
			name = Release;
		};
/* End XCBuildConfiguration section */

/* Begin XCConfigurationList section */
		2CEBDBF0277CD3CB005AA57E /* Build configuration list for PBXProject "Acela" */ = {
			isa = XCConfigurationList;
			buildConfigurations = (
				2CEBDC07277CD3CE005AA57E /* Debug */,
				2CEBDC08277CD3CE005AA57E /* Release */,
			);
			defaultConfigurationIsVisible = 0;
			defaultConfigurationName = Release;
		};
		2CEBDC09277CD3CE005AA57E /* Build configuration list for PBXNativeTarget "Acela" */ = {
			isa = XCConfigurationList;
			buildConfigurations = (
				2CEBDC0A277CD3CE005AA57E /* Debug */,
				2CEBDC0B277CD3CE005AA57E /* Release */,
			);
			defaultConfigurationIsVisible = 0;
			defaultConfigurationName = Release;
		};
/* End XCConfigurationList section */
	};
	rootObject = 2CEBDBED277CD3CB005AA57E /* Project object */;
}
